// !$*UTF8*$!
{
	archiveVersion = 1;
	classes = {
	};
	objectVersion = 50;
	objects = {

/* Begin PBXBuildFile section */
		558F4750254D2A9A002137CC /* AppDelegate.swift in Sources */ = {isa = PBXBuildFile; fileRef = 558F474F254D2A9A002137CC /* AppDelegate.swift */; };
		558F4752254D2A9A002137CC /* SceneDelegate.swift in Sources */ = {isa = PBXBuildFile; fileRef = 558F4751254D2A9A002137CC /* SceneDelegate.swift */; };
		558F4754254D2A9A002137CC /* ViewController.swift in Sources */ = {isa = PBXBuildFile; fileRef = 558F4753254D2A9A002137CC /* ViewController.swift */; };
		558F4757254D2A9A002137CC /* Main.storyboard in Resources */ = {isa = PBXBuildFile; fileRef = 558F4755254D2A9A002137CC /* Main.storyboard */; };
		558F4759254D2A9F002137CC /* Assets.xcassets in Resources */ = {isa = PBXBuildFile; fileRef = 558F4758254D2A9F002137CC /* Assets.xcassets */; };
		558F475C254D2AA1002137CC /* LaunchScreen.storyboard in Resources */ = {isa = PBXBuildFile; fileRef = 558F475A254D2AA1002137CC /* LaunchScreen.storyboard */; };
		558F4786254FC3CE002137CC /* CustomCell.swift in Sources */ = {isa = PBXBuildFile; fileRef = 558F4785254FC3CE002137CC /* CustomCell.swift */; };
/* End PBXBuildFile section */

/* Begin PBXFileReference section */
		558F474C254D2A9A002137CC /* StackFrameWork.app */ = {isa = PBXFileReference; explicitFileType = wrapper.application; includeInIndex = 0; path = StackFrameWork.app; sourceTree = BUILT_PRODUCTS_DIR; };
		558F474F254D2A9A002137CC /* AppDelegate.swift */ = {isa = PBXFileReference; lastKnownFileType = sourcecode.swift; path = AppDelegate.swift; sourceTree = "<group>"; };
		558F4751254D2A9A002137CC /* SceneDelegate.swift */ = {isa = PBXFileReference; lastKnownFileType = sourcecode.swift; path = SceneDelegate.swift; sourceTree = "<group>"; };
		558F4753254D2A9A002137CC /* ViewController.swift */ = {isa = PBXFileReference; lastKnownFileType = sourcecode.swift; path = ViewController.swift; sourceTree = "<group>"; };
		558F4756254D2A9A002137CC /* Base */ = {isa = PBXFileReference; lastKnownFileType = file.storyboard; name = Base; path = Base.lproj/Main.storyboard; sourceTree = "<group>"; };
		558F4758254D2A9F002137CC /* Assets.xcassets */ = {isa = PBXFileReference; lastKnownFileType = folder.assetcatalog; path = Assets.xcassets; sourceTree = "<group>"; };
		558F475B254D2AA1002137CC /* Base */ = {isa = PBXFileReference; lastKnownFileType = file.storyboard; name = Base; path = Base.lproj/LaunchScreen.storyboard; sourceTree = "<group>"; };
		558F475D254D2AA1002137CC /* Info.plist */ = {isa = PBXFileReference; lastKnownFileType = text.plist.xml; path = Info.plist; sourceTree = "<group>"; };
		558F4785254FC3CE002137CC /* CustomCell.swift */ = {isa = PBXFileReference; lastKnownFileType = sourcecode.swift; path = CustomCell.swift; sourceTree = "<group>"; };
/* End PBXFileReference section */

/* Begin PBXFrameworksBuildPhase section */
		558F4749254D2A9A002137CC /* Frameworks */ = {
			isa = PBXFrameworksBuildPhase;
			buildActionMask = 2147483647;
			files = (
			);
			runOnlyForDeploymentPostprocessing = 0;
		};
/* End PBXFrameworksBuildPhase section */

/* Begin PBXGroup section */
		558F4743254D2A9A002137CC = {
			isa = PBXGroup;
			children = (
				558F474E254D2A9A002137CC /* StackFrameWork */,
				558F474D254D2A9A002137CC /* Products */,
			);
			sourceTree = "<group>";
		};
		558F474D254D2A9A002137CC /* Products */ = {
			isa = PBXGroup;
			children = (
				558F474C254D2A9A002137CC /* StackFrameWork.app */,
			);
			name = Products;
			sourceTree = "<group>";
		};
		558F474E254D2A9A002137CC /* StackFrameWork */ = {
			isa = PBXGroup;
			children = (
				558F474F254D2A9A002137CC /* AppDelegate.swift */,
				558F4751254D2A9A002137CC /* SceneDelegate.swift */,
				558F4753254D2A9A002137CC /* ViewController.swift */,
				558F4755254D2A9A002137CC /* Main.storyboard */,
				558F4758254D2A9F002137CC /* Assets.xcassets */,
				558F475A254D2AA1002137CC /* LaunchScreen.storyboard */,
				558F475D254D2AA1002137CC /* Info.plist */,
				558F4785254FC3CE002137CC /* CustomCell.swift */,
			);
			path = StackFrameWork;
			sourceTree = "<group>";
		};
/* End PBXGroup section */

/* Begin PBXNativeTarget section */
		558F474B254D2A9A002137CC /* StackFrameWork */ = {
			isa = PBXNativeTarget;
			buildConfigurationList = 558F4760254D2AA1002137CC /* Build configuration list for PBXNativeTarget "StackFrameWork" */;
			buildPhases = (
				558F4748254D2A9A002137CC /* Sources */,
				558F4749254D2A9A002137CC /* Frameworks */,
				558F474A254D2A9A002137CC /* Resources */,
			);
			buildRules = (
			);
			dependencies = (
			);
			name = StackFrameWork;
			productName = StackFrameWork;
			productReference = 558F474C254D2A9A002137CC /* StackFrameWork.app */;
			productType = "com.apple.product-type.application";
		};
/* End PBXNativeTarget section */

/* Begin PBXProject section */
		558F4744254D2A9A002137CC /* Project object */ = {
			isa = PBXProject;
			attributes = {
				LastSwiftUpdateCheck = 1160;
				LastUpgradeCheck = 1160;
				ORGANIZATIONNAME = Flipkart;
				TargetAttributes = {
					558F474B254D2A9A002137CC = {
						CreatedOnToolsVersion = 11.6;
					};
				};
			};
			buildConfigurationList = 558F4747254D2A9A002137CC /* Build configuration list for PBXProject "StackFrameWork" */;
			compatibilityVersion = "Xcode 9.3";
			developmentRegion = en;
			hasScannedForEncodings = 0;
			knownRegions = (
				en,
				Base,
			);
			mainGroup = 558F4743254D2A9A002137CC;
			productRefGroup = 558F474D254D2A9A002137CC /* Products */;
			projectDirPath = "";
			projectRoot = "";
			targets = (
				558F474B254D2A9A002137CC /* StackFrameWork */,
			);
		};
/* End PBXProject section */

/* Begin PBXResourcesBuildPhase section */
		558F474A254D2A9A002137CC /* Resources */ = {
			isa = PBXResourcesBuildPhase;
			buildActionMask = 2147483647;
			files = (
				558F475C254D2AA1002137CC /* LaunchScreen.storyboard in Resources */,
				558F4759254D2A9F002137CC /* Assets.xcassets in Resources */,
				558F4757254D2A9A002137CC /* Main.storyboard in Resources */,
			);
			runOnlyForDeploymentPostprocessing = 0;
		};
/* End PBXResourcesBuildPhase section */

/* Begin PBXSourcesBuildPhase section */
		558F4748254D2A9A002137CC /* Sources */ = {
			isa = PBXSourcesBuildPhase;
			buildActionMask = 2147483647;
			files = (
				558F4754254D2A9A002137CC /* ViewController.swift in Sources */,
				558F4750254D2A9A002137CC /* AppDelegate.swift in Sources */,
				558F4786254FC3CE002137CC /* CustomCell.swift in Sources */,
				558F4752254D2A9A002137CC /* SceneDelegate.swift in Sources */,
			);
			runOnlyForDeploymentPostprocessing = 0;
		};
/* End PBXSourcesBuildPhase section */

/* Begin PBXVariantGroup section */
		558F4755254D2A9A002137CC /* Main.storyboard */ = {
			isa = PBXVariantGroup;
			children = (
				558F4756254D2A9A002137CC /* Base */,
			);
			name = Main.storyboard;
			sourceTree = "<group>";
		};
		558F475A254D2AA1002137CC /* LaunchScreen.storyboard */ = {
			isa = PBXVariantGroup;
			children = (
				558F475B254D2AA1002137CC /* Base */,
			);
			name = LaunchScreen.storyboard;
			sourceTree = "<group>";
		};
/* End PBXVariantGroup section */

/* Begin XCBuildConfiguration section */
		558F475E254D2AA1002137CC /* Debug */ = {
			isa = XCBuildConfiguration;
			buildSettings = {
				ALWAYS_SEARCH_USER_PATHS = NO;
				CLANG_ANALYZER_NONNULL = YES;
				CLANG_ANALYZER_NUMBER_OBJECT_CONVERSION = YES_AGGRESSIVE;
				CLANG_CXX_LANGUAGE_STANDARD = "gnu++14";
				CLANG_CXX_LIBRARY = "libc++";
				CLANG_ENABLE_MODULES = YES;
				CLANG_ENABLE_OBJC_ARC = YES;
				CLANG_ENABLE_OBJC_WEAK = YES;
				CLANG_WARN_BLOCK_CAPTURE_AUTORELEASING = YES;
				CLANG_WARN_BOOL_CONVERSION = YES;
				CLANG_WARN_COMMA = YES;
				CLANG_WARN_CONSTANT_CONVERSION = YES;
				CLANG_WARN_DEPRECATED_OBJC_IMPLEMENTATIONS = YES;
				CLANG_WARN_DIRECT_OBJC_ISA_USAGE = YES_ERROR;
				CLANG_WARN_DOCUMENTATION_COMMENTS = YES;
				CLANG_WARN_EMPTY_BODY = YES;
				CLANG_WARN_ENUM_CONVERSION = YES;
				CLANG_WARN_INFINITE_RECURSION = YES;
				CLANG_WARN_INT_CONVERSION = YES;
				CLANG_WARN_NON_LITERAL_NULL_CONVERSION = YES;
				CLANG_WARN_OBJC_IMPLICIT_RETAIN_SELF = YES;
				CLANG_WARN_OBJC_LITERAL_CONVERSION = YES;
				CLANG_WARN_OBJC_ROOT_CLASS = YES_ERROR;
				CLANG_WARN_RANGE_LOOP_ANALYSIS = YES;
				CLANG_WARN_STRICT_PROTOTYPES = YES;
				CLANG_WARN_SUSPICIOUS_MOVE = YES;
				CLANG_WARN_UNGUARDED_AVAILABILITY = YES_AGGRESSIVE;
				CLANG_WARN_UNREACHABLE_CODE = YES;
				CLANG_WARN__DUPLICATE_METHOD_MATCH = YES;
				COPY_PHASE_STRIP = NO;
				DEBUG_INFORMATION_FORMAT = dwarf;
				ENABLE_STRICT_OBJC_MSGSEND = YES;
				ENABLE_TESTABILITY = YES;
				GCC_C_LANGUAGE_STANDARD = gnu11;
				GCC_DYNAMIC_NO_PIC = NO;
				GCC_NO_COMMON_BLOCKS = YES;
				GCC_OPTIMIZATION_LEVEL = 0;
				GCC_PREPROCESSOR_DEFINITIONS = (
					"DEBUG=1",
					"$(inherited)",
				);
				GCC_WARN_64_TO_32_BIT_CONVERSION = YES;
				GCC_WARN_ABOUT_RETURN_TYPE = YES_ERROR;
				GCC_WARN_UNDECLARED_SELECTOR = YES;
				GCC_WARN_UNINITIALIZED_AUTOS = YES_AGGRESSIVE;
				GCC_WARN_UNUSED_FUNCTION = YES;
				GCC_WARN_UNUSED_VARIABLE = YES;
				IPHONEOS_DEPLOYMENT_TARGET = 13.6;
				MTL_ENABLE_DEBUG_INFO = INCLUDE_SOURCE;
				MTL_FAST_MATH = YES;
				ONLY_ACTIVE_ARCH = YES;
				SDKROOT = iphoneos;
				SWIFT_ACTIVE_COMPILATION_CONDITIONS = DEBUG;
				SWIFT_OPTIMIZATION_LEVEL = "-Onone";
			};
			name = Debug;
		};
		558F475F254D2AA1002137CC /* Release */ = {
			isa = XCBuildConfiguration;
			buildSettings = {
				ALWAYS_SEARCH_USER_PATHS = NO;
				CLANG_ANALYZER_NONNULL = YES;
				CLANG_ANALYZER_NUMBER_OBJECT_CONVERSION = YES_AGGRESSIVE;
				CLANG_CXX_LANGUAGE_STANDARD = "gnu++14";
				CLANG_CXX_LIBRARY = "libc++";
				CLANG_ENABLE_MODULES = YES;
				CLANG_ENABLE_OBJC_ARC = YES;
				CLANG_ENABLE_OBJC_WEAK = YES;
				CLANG_WARN_BLOCK_CAPTURE_AUTORELEASING = YES;
				CLANG_WARN_BOOL_CONVERSION = YES;
				CLANG_WARN_COMMA = YES;
				CLANG_WARN_CONSTANT_CONVERSION = YES;
				CLANG_WARN_DEPRECATED_OBJC_IMPLEMENTATIONS = YES;
				CLANG_WARN_DIRECT_OBJC_ISA_USAGE = YES_ERROR;
				CLANG_WARN_DOCUMENTATION_COMMENTS = YES;
				CLANG_WARN_EMPTY_BODY = YES;
				CLANG_WARN_ENUM_CONVERSION = YES;
				CLANG_WARN_INFINITE_RECURSION = YES;
				CLANG_WARN_INT_CONVERSION = YES;
				CLANG_WARN_NON_LITERAL_NULL_CONVERSION = YES;
				CLANG_WARN_OBJC_IMPLICIT_RETAIN_SELF = YES;
				CLANG_WARN_OBJC_LITERAL_CONVERSION = YES;
				CLANG_WARN_OBJC_ROOT_CLASS = YES_ERROR;
				CLANG_WARN_RANGE_LOOP_ANALYSIS = YES;
				CLANG_WARN_STRICT_PROTOTYPES = YES;
				CLANG_WARN_SUSPICIOUS_MOVE = YES;
				CLANG_WARN_UNGUARDED_AVAILABILITY = YES_AGGRESSIVE;
				CLANG_WARN_UNREACHABLE_CODE = YES;
				CLANG_WARN__DUPLICATE_METHOD_MATCH = YES;
				COPY_PHASE_STRIP = NO;
				DEBUG_INFORMATION_FORMAT = "dwarf-with-dsym";
				ENABLE_NS_ASSERTIONS = NO;
				ENABLE_STRICT_OBJC_MSGSEND = YES;
				GCC_C_LANGUAGE_STANDARD = gnu11;
				GCC_NO_COMMON_BLOCKS = YES;
				GCC_WARN_64_TO_32_BIT_CONVERSION = YES;
				GCC_WARN_ABOUT_RETURN_TYPE = YES_ERROR;
				GCC_WARN_UNDECLARED_SELECTOR = YES;
				GCC_WARN_UNINITIALIZED_AUTOS = YES_AGGRESSIVE;
				GCC_WARN_UNUSED_FUNCTION = YES;
				GCC_WARN_UNUSED_VARIABLE = YES;
				IPHONEOS_DEPLOYMENT_TARGET = 13.6;
				MTL_ENABLE_DEBUG_INFO = NO;
				MTL_FAST_MATH = YES;
				SDKROOT = iphoneos;
				SWIFT_COMPILATION_MODE = wholemodule;
				SWIFT_OPTIMIZATION_LEVEL = "-O";
				VALIDATE_PRODUCT = YES;
			};
			name = Release;
		};
		558F4761254D2AA1002137CC /* Debug */ = {
			isa = XCBuildConfiguration;
			buildSettings = {
				ASSETCATALOG_COMPILER_APPICON_NAME = AppIcon;
				CODE_SIGN_STYLE = Automatic;
				DEVELOPMENT_TEAM = QJD7W9832N;
				INFOPLIST_FILE = StackFrameWork/Info.plist;
				LD_RUNPATH_SEARCH_PATHS = (
					"$(inherited)",
					"@executable_path/Frameworks",
				);
				PRODUCT_BUNDLE_IDENTIFIER = Flipkart.StackFrameWork;
				PRODUCT_NAME = "$(TARGET_NAME)";
				SWIFT_VERSION = 5.0;
				TARGETED_DEVICE_FAMILY = "1,2";
			};
			name = Debug;
		};
		558F4762254D2AA1002137CC /* Release */ = {
			isa = XCBuildConfiguration;
			buildSettings = {
				ASSETCATALOG_COMPILER_APPICON_NAME = AppIcon;
				CODE_SIGN_STYLE = Automatic;
				DEVELOPMENT_TEAM = QJD7W9832N;
				INFOPLIST_FILE = StackFrameWork/Info.plist;
				LD_RUNPATH_SEARCH_PATHS = (
					"$(inherited)",
					"@executable_path/Frameworks",
				);
				PRODUCT_BUNDLE_IDENTIFIER = Flipkart.StackFrameWork;
				PRODUCT_NAME = "$(TARGET_NAME)";
				SWIFT_VERSION = 5.0;
				TARGETED_DEVICE_FAMILY = "1,2";
			};
			name = Release;
		};
/* End XCBuildConfiguration section */

/* Begin XCConfigurationList section */
		558F4747254D2A9A002137CC /* Build configuration list for PBXProject "StackFrameWork" */ = {
			isa = XCConfigurationList;
			buildConfigurations = (
				558F475E254D2AA1002137CC /* Debug */,
				558F475F254D2AA1002137CC /* Release */,
			);
			defaultConfigurationIsVisible = 0;
			defaultConfigurationName = Release;
		};
		558F4760254D2AA1002137CC /* Build configuration list for PBXNativeTarget "StackFrameWork" */ = {
			isa = XCConfigurationList;
			buildConfigurations = (
				558F4761254D2AA1002137CC /* Debug */,
				558F4762254D2AA1002137CC /* Release */,
			);
			defaultConfigurationIsVisible = 0;
			defaultConfigurationName = Release;
		};
/* End XCConfigurationList section */
	};
	rootObject = 558F4744254D2A9A002137CC /* Project object */;
}
